schema: '2.0'
stages:
  collect:
    cmd: uv run --locked python -m src.collect
    deps:
    - path: conf/source.json
      hash: md5
      md5: a5a40ed798312348d8ccd11fb461e4f1
      size: 496
    - path: data/source
      hash: md5
      md5: 96946622e855887e9bc9e6faeec0909f.dir
      size: 13048462
      nfiles: 2
    - path: src/collect.py
      hash: md5
      md5: e794f25faad65df86b91f8a2a8a6e1be
      size: 5062
    - path: src/config.py
      hash: md5
      md5: d1af94455f9641952ff6c34f46ac6060
      size: 336
    - path: src/schema.py
      hash: md5
      md5: d6b1879d94b21692a2f4ba7a2dd631d6
      size: 3140
    - path: src/textnorm.py
      hash: md5
      md5: c7e2f072fe9cc4d2b5af76f5c360c6c0
      size: 1844
    - path: uv.lock
      hash: md5
      md5: ee23876fca1bd302b971d055ce78b14e
      size: 231169
    params:
      params.yaml:
        collect:
          version: v2
          source_manifest: conf/source.json
          sources:
            v1:
            - data/source/massive-ru-RU.jsonl
            v2:
            - data/source/massive-ru-RU.jsonl
          partitions:
            v1:
            - train
            v2:
            - train
            - dev
            - test
          locale: ru-RU
          scenarios:
          - calendar
          - lists
          - alarm
          min_intent_votes: 2
          exclude_user_pattern: (?i)таймер
          labels:
            alarm_set: поставить будильник
            alarm_query: посмотреть будильники
            alarm_remove: удалить будильник
            calendar_set: создать событие или напоминание
            calendar_query: посмотреть календарь
            calendar_remove: удалить событие
            lists_createoradd: создать список или добавить пункт
            lists_query: посмотреть список
            lists_remove: удалить список или пункт
          system_prompts:
          - Определи действие для личного планировщика. Верни только одну метку
            из списка без пояснений.
          - Разбери русскую команду о календаре списках или будильнике. Ответь
            только подходящей меткой.
          - Выбери намерение пользователя из разрешённых меток. Не выполняй
            команду и не добавляй объяснений.
          - Ты классифицируешь запросы к планировщику. Выведи одну метку
            действия без дополнительного текста.
        paths.metrics_collect: metrics/collect.json
        paths.raw: data/raw.jsonl
    outs:
    - path: data/raw.jsonl
      hash: md5
      md5: 6ebceb6e1bafb899ea2169410b528f7f
      size: 3582533
    - path: metrics/collect.json
      hash: md5
      md5: 5a3c1b31247e952c166aea9f33487fca
      size: 598
  clean:
    cmd: uv run --locked python -m src.clean
    deps:
    - path: data/raw.jsonl
      hash: md5
      md5: 6ebceb6e1bafb899ea2169410b528f7f
      size: 3582533
    - path: src/clean.py
      hash: md5
      md5: 7b1ece94d8a728b85ea4482ccb174a1e
      size: 4564
    - path: src/config.py
      hash: md5
      md5: d1af94455f9641952ff6c34f46ac6060
      size: 336
    - path: src/dedup.py
      hash: md5
      md5: 376503758eb68297517b6dce52d77186
      size: 3187
    - path: src/pii.py
      hash: md5
      md5: a60dc5c32d6f63e48f570c7014a89666
      size: 1699
    - path: src/schema.py
      hash: md5
      md5: d6b1879d94b21692a2f4ba7a2dd631d6
      size: 3140
    - path: src/stats.py
      hash: md5
      md5: a54925032eff4769647b5775d72dd423
      size: 2222
    - path: src/textnorm.py
      hash: md5
      md5: c7e2f072fe9cc4d2b5af76f5c360c6c0
      size: 1844
    - path: uv.lock
      hash: md5
      md5: ee23876fca1bd302b971d055ce78b14e
      size: 231169
    params:
      params.yaml:
        clean:
          min_user_chars: 5
          max_user_chars: 500
          min_assistant_chars: 2
          near_dup:
            enabled: true
            shingle_words: 4
            num_perm: 64
            threshold: 0.85
          pii:
            enabled: true
        collect.version: v2
        contamination:
          threshold: 0.85
        paths.clean: data/clean.jsonl
        paths.metrics_clean: metrics/clean.json
        paths.raw: data/raw.jsonl
    outs:
    - path: data/clean.jsonl
      hash: md5
      md5: bb738919d8c32ca0334e4c6fe013923f
      size: 3464557
    - path: metrics/clean.json
      hash: md5
      md5: ca5391c8a1c44b4854e299dbc58ec305
      size: 423
  diversity:
    cmd: uv run --locked python -m src.diversity
    deps:
    - path: data/clean.jsonl
      hash: md5
      md5: bb738919d8c32ca0334e4c6fe013923f
      size: 3464557
    - path: src/config.py
      hash: md5
      md5: d1af94455f9641952ff6c34f46ac6060
      size: 336
    - path: src/diversity.py
      hash: md5
      md5: aa2a0f5ff92cbde5e387cfb9b10caf78
      size: 7294
    - path: src/schema.py
      hash: md5
      md5: d6b1879d94b21692a2f4ba7a2dd631d6
      size: 3140
    - path: src/stats.py
      hash: md5
      md5: a54925032eff4769647b5775d72dd423
      size: 2222
    - path: src/textnorm.py
      hash: md5
      md5: c7e2f072fe9cc4d2b5af76f5c360c6c0
      size: 1844
    - path: uv.lock
      hash: md5
      md5: ee23876fca1bd302b971d055ce78b14e
      size: 231169
    params:
      params.yaml:
        collect.version: v2
        diversity:
          min_examples: 1000
          min_system_prompts: 3
          min_groups: 50
          max_group_share: 0.1
          min_answer_len_ratio: 1.0
          max_same_length_share: 1.0
          max_duplicate_answer_share: 1.0
          min_labels: 9
          max_label_share: 0.4
          min_user_len_ratio: 2.0
          min_unique_user_share: 1.0
        paths.clean: data/clean.jsonl
        paths.metrics_diversity: metrics/diversity.json
        split.group_key: topic
    outs:
    - path: metrics/diversity.json
      hash: md5
      md5: 1804864b784fe8b1c167c6f5d49ead6a
      size: 982
  split:
    cmd: uv run --locked python -m src.split
    deps:
    - path: data/clean.jsonl
      hash: md5
      md5: bb738919d8c32ca0334e4c6fe013923f
      size: 3464557
    - path: metrics/diversity.json
      hash: md5
      md5: 1804864b784fe8b1c167c6f5d49ead6a
      size: 982
    - path: src/config.py
      hash: md5
      md5: d1af94455f9641952ff6c34f46ac6060
      size: 336
    - path: src/schema.py
      hash: md5
      md5: d6b1879d94b21692a2f4ba7a2dd631d6
      size: 3140
    - path: src/split.py
      hash: md5
      md5: 8999250af3e9601f622cd0a6e8ad4072
      size: 2491
    - path: src/textnorm.py
      hash: md5
      md5: c7e2f072fe9cc4d2b5af76f5c360c6c0
      size: 1844
    - path: uv.lock
      hash: md5
      md5: ee23876fca1bd302b971d055ce78b14e
      size: 231169
    params:
      params.yaml:
        collect.labels:
          alarm_set: поставить будильник
          alarm_query: посмотреть будильники
          alarm_remove: удалить будильник
          calendar_set: создать событие или напоминание
          calendar_query: посмотреть календарь
          calendar_remove: удалить событие
          lists_createoradd: создать список или добавить пункт
          lists_query: посмотреть список
          lists_remove: удалить список или пункт
        collect.version: v2
        paths.clean: data/clean.jsonl
        paths.metrics_split: metrics/split.json
        paths.test: data/test.jsonl
        paths.train: data/train.jsonl
        paths.val: data/val.jsonl
        split:
          group_key: topic
          ratios:
            train: 0.8
            val: 0.1
            test: 0.1
          seed: 42
    outs:
    - path: data/test.jsonl
      hash: md5
      md5: 489ed3adda97fe93b28ce9d092d193b0
      size: 360153
    - path: data/train.jsonl
      hash: md5
      md5: ce4f6d877f5f95fc8a3d47ed4182586d
      size: 2750778
    - path: data/val.jsonl
      hash: md5
      md5: 3d36516fd88d9909f3bedfcc01d58def
      size: 353626
    - path: metrics/split.json
      hash: md5
      md5: 103345cb36d54ce684be11bc6a910350
      size: 1112
  contamination:
    cmd: uv run --locked python scripts/check_contamination.py
    deps:
    - path: data/test.jsonl
      hash: md5
      md5: 489ed3adda97fe93b28ce9d092d193b0
      size: 360153
    - path: data/train.jsonl
      hash: md5
      md5: ce4f6d877f5f95fc8a3d47ed4182586d
      size: 2750778
    - path: data/val.jsonl
      hash: md5
      md5: 3d36516fd88d9909f3bedfcc01d58def
      size: 353626
    - path: scripts/check_contamination.py
      hash: md5
      md5: 8bc0517492de9fe44451dce4e79d3f1a
      size: 1548
    - path: src/config.py
      hash: md5
      md5: d1af94455f9641952ff6c34f46ac6060
      size: 336
    - path: src/contamination.py
      hash: md5
      md5: 6150ffb2fa2c11a173716de9fc41204f
      size: 1869
    - path: src/dedup.py
      hash: md5
      md5: 376503758eb68297517b6dce52d77186
      size: 3187
    - path: src/schema.py
      hash: md5
      md5: d6b1879d94b21692a2f4ba7a2dd631d6
      size: 3140
    - path: src/textnorm.py
      hash: md5
      md5: c7e2f072fe9cc4d2b5af76f5c360c6c0
      size: 1844
    - path: uv.lock
      hash: md5
      md5: ee23876fca1bd302b971d055ce78b14e
      size: 231169
    params:
      params.yaml:
        clean.near_dup:
          enabled: true
          shingle_words: 4
          num_perm: 64
          threshold: 0.85
        collect.version: v2
        contamination:
          threshold: 0.85
        paths.metrics_contamination: metrics/contamination.json
        paths.test: data/test.jsonl
        paths.train: data/train.jsonl
        paths.val: data/val.jsonl
    outs:
    - path: metrics/contamination.json
      hash: md5
      md5: 097054a6e5253636195fa4a15f69e7b5
      size: 456
  tokenize:
    cmd: uv run --locked python -m src.tokenize_data
    deps:
    - path: data/train.jsonl
      hash: md5
      md5: ce4f6d877f5f95fc8a3d47ed4182586d
      size: 2750778
    - path: data/val.jsonl
      hash: md5
      md5: 3d36516fd88d9909f3bedfcc01d58def
      size: 353626
    - path: docs/results/hw01-bench.json
      hash: md5
      md5: df7005466389817ac65779495584fbac
      size: 855
    - path: metrics/contamination.json
      hash: md5
      md5: 097054a6e5253636195fa4a15f69e7b5
      size: 456
    - path: src/collate.py
      hash: md5
      md5: 6343d46a9b501f3a86bd0dd862db5c71
      size: 1940
    - path: src/config.py
      hash: md5
      md5: d1af94455f9641952ff6c34f46ac6060
      size: 336
    - path: src/prompt.py
      hash: md5
      md5: 854d67d2effab1022a93906c9f397312
      size: 4737
    - path: src/tokenize_data.py
      hash: md5
      md5: abef916ec7eb8b55a6e5a0289827cf56
      size: 15789
    - path: uv.lock
      hash: md5
      md5: ee23876fca1bd302b971d055ce78b14e
      size: 231169
    params:
      params.yaml:
        data:
          train_jsonl: data/train.jsonl
          val_jsonl: data/val.jsonl
          out_dir: data/tokenized
        model:
          name: Qwen/Qwen3-0.6B
          dtype: bfloat16
          device: auto
          enable_thinking: false
        packing:
          enabled: false
        tokenize:
          max_seq_len: 224
          truncated_warn_ratio: 0.05
          padding_side: left
          batch_size: 8
        train_estimate:
          epochs: 3
          generation_benchmark: docs/results/hw01-bench.json
          slowdown_min: 2
          slowdown_max: 3
    outs:
    - path: data/tokenized
      hash: md5
      md5: 99de1adb164f87ff6021b0f53951afb8.dir
      size: 5201078
      nfiles: 2
    - path: docs/tokenize_report.md
      hash: md5
      md5: 45b73ee7af3355262914e497ffc85ff2
      size: 4553
    - path: metrics/tokenize.json
      hash: md5
      md5: f1bdf6dfebddeec112cea75748cf066f
      size: 3900
